lockfileVersion: '9.0'

settings:
  autoInstallPeers: true
  excludeLinksFromLockfile: false

importers:

  .:
    dependencies:
      '@tanstack/react-table':
        specifier: ^8.21.3
        version: 8.21.3(react-dom@19.1.0(react@19.1.0))(react@19.1.0)
      '@tanstack/react-virtual':
        specifier: ^3.13.8
        version: 3.13.8(react-dom@19.1.0(react@19.1.0))(react@19.1.0)

packages:

  '@tanstack/react-table@8.21.3':
    resolution: {integrity: sha512-5nNMTSETP4ykGegmVkhjcS8tTLW6Vl4axfEGQN3v0zdHYbK4UfoqfPChclTrJ4EoK9QynqAu9oUf8VEmrpZ5Ww==}
    engines: {node: '>=12'}
    peerDependencies:
      react: '>=16.8'
      react-dom: '>=16.8'

  '@tanstack/react-virtual@3.13.8':
    resolution: {integrity: sha512-meS2AanUg50f3FBSNoAdBSRAh8uS0ue01qm7zrw65KGJtiXB9QXfybqZwkh4uFpRv2iX/eu5tjcH5wqUpwYLPg==}
    peerDependencies:
      react: ^16.8.0 || ^17.0.0 || ^18.0.0 || ^19.0.0
      react-dom: ^16.8.0 || ^17.0.0 || ^18.0.0 || ^19.0.0

  '@tanstack/table-core@8.21.3':
    resolution: {integrity: sha512-ldZXEhOBb8Is7xLs01fR3YEc3DERiz5silj8tnGkFZytt1abEvl/GhUmCE0PMLaMPTa3Jk4HbKmRlHmu+gCftg==}
    engines: {node: '>=12'}

  '@tanstack/virtual-core@3.13.8':
    resolution: {integrity: sha512-BT6w89Hqy7YKaWewYzmecXQzcJh6HTBbKYJIIkMaNU49DZ06LoTV3z32DWWEdUsgW6n1xTmwTLs4GtWrZC261w==}

  react-dom@19.1.0:
    resolution: {integrity: sha512-Xs1hdnE+DyKgeHJeJznQmYMIBG3TKIHJJT95Q58nHLSrElKlGQqDTR2HQ9fx5CN/Gk6Vh/kupBTDLU11/nDk/g==}
    peerDependencies:
      react: ^19.1.0

  react@19.1.0:
    resolution: {integrity: sha512-FS+XFBNvn3GTAWq26joslQgWNoFu08F4kl0J4CgdNKADkdSGXQyTCnKteIAJy96Br6YbpEU1LSzV5dYtjMkMDg==}
    engines: {node: '>=0.10.0'}

  scheduler@0.26.0:
    resolution: {integrity: sha512-NlHwttCI/l5gCPR3D1nNXtWABUmBwvZpEQiD4IXSbIDq8BzLIK/7Ir5gTFSGZDUu37K5cMNp0hFtzO38sC7gWA==}

snapshots:

  '@tanstack/react-table@8.21.3(react-dom@19.1.0(react@19.1.0))(react@19.1.0)':
    dependencies:
      '@tanstack/table-core': 8.21.3
      react: 19.1.0
      react-dom: 19.1.0(react@19.1.0)

  '@tanstack/react-virtual@3.13.8(react-dom@19.1.0(react@19.1.0))(react@19.1.0)':
    dependencies:
      '@tanstack/virtual-core': 3.13.8
      react: 19.1.0
      react-dom: 19.1.0(react@19.1.0)

  '@tanstack/table-core@8.21.3': {}

  '@tanstack/virtual-core@3.13.8': {}

  react-dom@19.1.0(react@19.1.0):
    dependencies:
      react: 19.1.0
      scheduler: 0.26.0

  react@19.1.0: {}

  scheduler@0.26.0: {}
